
Microsoft Visual Studio Solution File, Format Version 12.00
# Visual Studio Version 16
VisualStudioVersion = 16.0.28922.388
MinimumVisualStudioVersion = 10.0.40219.1
Project("{2150E333-8FDC-42A3-9474-1A3956D46DE8}") = "Core", "Core", "{17F98823-41FB-49D5-B672-7ECB1F7E7FE5}"
EndProject
Project("{9A19103F-16F7-4668-BE54-9A1E7A4F7556}") = "RFQ.Data", "RFQ.Data\RFQ.Data.csproj", "{9B1612C4-1351-4204-AC20-F13F73D599B7}"
EndProject
Project("{9A19103F-16F7-4668-BE54-9A1E7A4F7556}") = "RFQ.Entites", "RFQ.Entites\RFQ.Entites.csproj", "{57E87E56-62C3-4B84-835A-6F1F1F2D06D1}"
EndProject
Project("{2150E333-8FDC-42A3-9474-1A3956D46DE8}") = "Services", "Services", "{A2C29D0E-6280-425F-8FB5-CE5EC8DDA842}"
EndProject
Project("{9A19103F-16F7-4668-BE54-9A1E7A4F7556}") = "RFQ.Service", "RFQ.Service\RFQ.Service.csproj", "{BEFBE0D4-9DC1-412C-8582-44882CE35953}"
EndProject
Project("{2150E333-8FDC-42A3-9474-1A3956D46DE8}") = "APIs", "APIs", "{7DB73B89-D581-46CD-8B7E-1BE9F1C6BE66}"
EndProject
Project("{9A19103F-16F7-4668-BE54-9A1E7A4F7556}") = "RFQ.Api", "RFQ.Api\RFQ.Api.csproj", "{9D92E37D-70C4-414A-B36B-82877785022B}"
EndProject
Project("{9A19103F-16F7-4668-BE54-9A1E7A4F7556}") = "RFQ.Common", "RFQ.Common\RFQ.Common.csproj", "{77F3A529-BF63-4A6B-B653-0CD79BDBDCFA}"
EndProject
Global
	GlobalSection(SolutionConfigurationPlatforms) = preSolution
		Debug|Any CPU = Debug|Any CPU
		Release|Any CPU = Release|Any CPU
	EndGlobalSection
	GlobalSection(ProjectConfigurationPlatforms) = postSolution
		{9B1612C4-1351-4204-AC20-F13F73D599B7}.Debug|Any CPU.ActiveCfg = Debug|Any CPU
		{9B1612C4-1351-4204-AC20-F13F73D599B7}.Debug|Any CPU.Build.0 = Debug|Any CPU
		{9B1612C4-1351-4204-AC20-F13F73D599B7}.Release|Any CPU.ActiveCfg = Release|Any CPU
		{9B1612C4-1351-4204-AC20-F13F73D599B7}.Release|Any CPU.Build.0 = Release|Any CPU
		{57E87E56-62C3-4B84-835A-6F1F1F2D06D1}.Debug|Any CPU.ActiveCfg = Debug|Any CPU
		{57E87E56-62C3-4B84-835A-6F1F1F2D06D1}.Debug|Any CPU.Build.0 = Debug|Any CPU
		{57E87E56-62C3-4B84-835A-6F1F1F2D06D1}.Release|Any CPU.ActiveCfg = Release|Any CPU
		{57E87E56-62C3-4B84-835A-6F1F1F2D06D1}.Release|Any CPU.Build.0 = Release|Any CPU
		{BEFBE0D4-9DC1-412C-8582-44882CE35953}.Debug|Any CPU.ActiveCfg = Debug|Any CPU
		{BEFBE0D4-9DC1-412C-8582-44882CE35953}.Debug|Any CPU.Build.0 = Debug|Any CPU
		{BEFBE0D4-9DC1-412C-8582-44882CE35953}.Release|Any CPU.ActiveCfg = Release|Any CPU
		{BEFBE0D4-9DC1-412C-8582-44882CE35953}.Release|Any CPU.Build.0 = Release|Any CPU
		{9D92E37D-70C4-414A-B36B-82877785022B}.Debug|Any CPU.ActiveCfg = Debug|Any CPU
		{9D92E37D-70C4-414A-B36B-82877785022B}.Debug|Any CPU.Build.0 = Debug|Any CPU
		{9D92E37D-70C4-414A-B36B-82877785022B}.Release|Any CPU.ActiveCfg = Release|Any CPU
		{9D92E37D-70C4-414A-B36B-82877785022B}.Release|Any CPU.Build.0 = Release|Any CPU
		{77F3A529-BF63-4A6B-B653-0CD79BDBDCFA}.Debug|Any CPU.ActiveCfg = Debug|Any CPU
		{77F3A529-BF63-4A6B-B653-0CD79BDBDCFA}.Debug|Any CPU.Build.0 = Debug|Any CPU
		{77F3A529-BF63-4A6B-B653-0CD79BDBDCFA}.Release|Any CPU.ActiveCfg = Release|Any CPU
		{77F3A529-BF63-4A6B-B653-0CD79BDBDCFA}.Release|Any CPU.Build.0 = Release|Any CPU
	EndGlobalSection
	GlobalSection(SolutionProperties) = preSolution
		HideSolutionNode = FALSE
	EndGlobalSection
	GlobalSection(NestedProjects) = preSolution
		{9B1612C4-1351-4204-AC20-F13F73D599B7} = {17F98823-41FB-49D5-B672-7ECB1F7E7FE5}
		{57E87E56-62C3-4B84-835A-6F1F1F2D06D1} = {17F98823-41FB-49D5-B672-7ECB1F7E7FE5}
		{BEFBE0D4-9DC1-412C-8582-44882CE35953} = {A2C29D0E-6280-425F-8FB5-CE5EC8DDA842}
		{9D92E37D-70C4-414A-B36B-82877785022B} = {7DB73B89-D581-46CD-8B7E-1BE9F1C6BE66}
		{77F3A529-BF63-4A6B-B653-0CD79BDBDCFA} = {17F98823-41FB-49D5-B672-7ECB1F7E7FE5}
	EndGlobalSection
	GlobalSection(ExtensibilityGlobals) = postSolution
		SolutionGuid = {2C884444-2209-41E2-9524-46FF053DFFDE}
	EndGlobalSection
EndGlobal
